Microsoft Visual Studio Solution File, Format Version 12.00
# Visual Studio Version 17
VisualStudioVersion = 17.5.2.0
MinimumVisualStudioVersion = 10.0.40219.1
Project("{2150E333-8FDC-42A3-9474-1A3956D46DE8}") = "src", "src", "{827E0CD3-B72D-47B6-A68D-7590B98EB39B}"
EndProject
Project("{FAE04EC0-301F-11D3-BF4B-00C04F79EFBC}") = "CafeOrderSystem.Tests", "src\CafeOrderSystem.Tests\CafeOrderSystem.Tests.csproj", "{6567AB11-69B1-46E7-25EB-847E35A9E722}"
EndProject
Project("{FAE04EC0-301F-11D3-BF4B-00C04F79EFBC}") = "CafeOrderSystem.Domain", "src\CafeOrderSystem.Domain\CafeOrderSystem.Domain.csproj", "{5EA3DC66-CB74-50A1-51CA-F7415A0087EA}"
EndProject
Project("{FAE04EC0-301F-11D3-BF4B-00C04F79EFBC}") = "CafeOrderSystem.API", "src\CafeOrderSystem.API\CafeOrderSystem.API.csproj", "{85F49251-9002-2D11-21EC-6B70827D5B01}"
EndProject
Project("{FAE04EC0-301F-11D3-BF4B-00C04F79EFBC}") = "CafeOrderSystem.Data", "src\CafeOrderSystem.Data\CafeOrderSystem.Data.csproj", "{ADB5C07A-259F-F4F9-F788-F8DADE7493D9}"
EndProject
Global
	GlobalSection(SolutionConfigurationPlatforms) = preSolution
		Debug|Any CPU = Debug|Any CPU
		Release|Any CPU = Release|Any CPU
	EndGlobalSection
	GlobalSection(ProjectConfigurationPlatforms) = postSolution
		{6567AB11-69B1-46E7-25EB-847E35A9E722}.Debug|Any CPU.ActiveCfg = Debug|Any CPU
		{6567AB11-69B1-46E7-25EB-847E35A9E722}.Debug|Any CPU.Build.0 = Debug|Any CPU
		{6567AB11-69B1-46E7-25EB-847E35A9E722}.Release|Any CPU.ActiveCfg = Release|Any CPU
		{6567AB11-69B1-46E7-25EB-847E35A9E722}.Release|Any CPU.Build.0 = Release|Any CPU
		{5EA3DC66-CB74-50A1-51CA-F7415A0087EA}.Debug|Any CPU.ActiveCfg = Debug|Any CPU
		{5EA3DC66-CB74-50A1-51CA-F7415A0087EA}.Debug|Any CPU.Build.0 = Debug|Any CPU
		{5EA3DC66-CB74-50A1-51CA-F7415A0087EA}.Release|Any CPU.ActiveCfg = Release|Any CPU
		{5EA3DC66-CB74-50A1-51CA-F7415A0087EA}.Release|Any CPU.Build.0 = Release|Any CPU
		{85F49251-9002-2D11-21EC-6B70827D5B01}.Debug|Any CPU.ActiveCfg = Debug|Any CPU
		{85F49251-9002-2D11-21EC-6B70827D5B01}.Debug|Any CPU.Build.0 = Debug|Any CPU
		{85F49251-9002-2D11-21EC-6B70827D5B01}.Release|Any CPU.ActiveCfg = Release|Any CPU
		{85F49251-9002-2D11-21EC-6B70827D5B01}.Release|Any CPU.Build.0 = Release|Any CPU
		{ADB5C07A-259F-F4F9-F788-F8DADE7493D9}.Debug|Any CPU.ActiveCfg = Debug|Any CPU
		{ADB5C07A-259F-F4F9-F788-F8DADE7493D9}.Debug|Any CPU.Build.0 = Debug|Any CPU
		{ADB5C07A-259F-F4F9-F788-F8DADE7493D9}.Release|Any CPU.ActiveCfg = Release|Any CPU
		{ADB5C07A-259F-F4F9-F788-F8DADE7493D9}.Release|Any CPU.Build.0 = Release|Any CPU
	EndGlobalSection
	GlobalSection(SolutionProperties) = preSolution
		HideSolutionNode = FALSE
	EndGlobalSection
	GlobalSection(NestedProjects) = preSolution
		{6567AB11-69B1-46E7-25EB-847E35A9E722} = {827E0CD3-B72D-47B6-A68D-7590B98EB39B}
		{5EA3DC66-CB74-50A1-51CA-F7415A0087EA} = {827E0CD3-B72D-47B6-A68D-7590B98EB39B}
		{85F49251-9002-2D11-21EC-6B70827D5B01} = {827E0CD3-B72D-47B6-A68D-7590B98EB39B}
		{ADB5C07A-259F-F4F9-F788-F8DADE7493D9} = {827E0CD3-B72D-47B6-A68D-7590B98EB39B}
	EndGlobalSection
	GlobalSection(ExtensibilityGlobals) = postSolution
		SolutionGuid = {E12B97E1-3B0D-424E-BBE3-03B9D13F5987}
	EndGlobalSection
EndGlobal
